
Microsoft Visual Studio Solution File, Format Version 12.00
# Visual Studio 14
VisualStudioVersion = 14.0.25420.1
MinimumVisualStudioVersion = 10.0.40219.1
Project("{FAE04EC0-301F-11D3-BF4B-00C04F79EFBC}") = "PL", "PL\PL.csproj", "{367FA682-F702-4D9D-A1D9-66EF8A8D867F}"
EndProject
Project("{FAE04EC0-301F-11D3-BF4B-00C04F79EFBC}") = "BLL", "BLL\BLL.csproj", "{5B63437F-6440-4A3F-9477-7D7A910D2E6B}"
EndProject
Project("{FAE04EC0-301F-11D3-BF4B-00C04F79EFBC}") = "DAL", "DAL\DAL.csproj", "{06797E7E-E8B8-4FEB-ABB9-5F10388E25CF}"
EndProject
Project("{FAE04EC0-301F-11D3-BF4B-00C04F79EFBC}") = "DTO", "DTO\DTO.csproj", "{E1A0890E-DB81-40F4-ABDB-94405C3800A1}"
EndProject
Global
	GlobalSection(SolutionConfigurationPlatforms) = preSolution
		Debug|Any CPU = Debug|Any CPU
		Release|Any CPU = Release|Any CPU
	EndGlobalSection
	GlobalSection(ProjectConfigurationPlatforms) = postSolution
		{367FA682-F702-4D9D-A1D9-66EF8A8D867F}.Debug|Any CPU.ActiveCfg = Debug|Any CPU
		{367FA682-F702-4D9D-A1D9-66EF8A8D867F}.Debug|Any CPU.Build.0 = Debug|Any CPU
		{367FA682-F702-4D9D-A1D9-66EF8A8D867F}.Release|Any CPU.ActiveCfg = Release|Any CPU
		{367FA682-F702-4D9D-A1D9-66EF8A8D867F}.Release|Any CPU.Build.0 = Release|Any CPU
		{5B63437F-6440-4A3F-9477-7D7A910D2E6B}.Debug|Any CPU.ActiveCfg = Debug|Any CPU
		{5B63437F-6440-4A3F-9477-7D7A910D2E6B}.Debug|Any CPU.Build.0 = Debug|Any CPU
		{5B63437F-6440-4A3F-9477-7D7A910D2E6B}.Release|Any CPU.ActiveCfg = Release|Any CPU
		{5B63437F-6440-4A3F-9477-7D7A910D2E6B}.Release|Any CPU.Build.0 = Release|Any CPU
		{06797E7E-E8B8-4FEB-ABB9-5F10388E25CF}.Debug|Any CPU.ActiveCfg = Debug|Any CPU
		{06797E7E-E8B8-4FEB-ABB9-5F10388E25CF}.Debug|Any CPU.Build.0 = Debug|Any CPU
		{06797E7E-E8B8-4FEB-ABB9-5F10388E25CF}.Release|Any CPU.ActiveCfg = Release|Any CPU
		{06797E7E-E8B8-4FEB-ABB9-5F10388E25CF}.Release|Any CPU.Build.0 = Release|Any CPU
		{E1A0890E-DB81-40F4-ABDB-94405C3800A1}.Debug|Any CPU.ActiveCfg = Debug|Any CPU
		{E1A0890E-DB81-40F4-ABDB-94405C3800A1}.Debug|Any CPU.Build.0 = Debug|Any CPU
		{E1A0890E-DB81-40F4-ABDB-94405C3800A1}.Release|Any CPU.ActiveCfg = Release|Any CPU
		{E1A0890E-DB81-40F4-ABDB-94405C3800A1}.Release|Any CPU.Build.0 = Release|Any CPU
	EndGlobalSection
	GlobalSection(SolutionProperties) = preSolution
		HideSolutionNode = FALSE
	EndGlobalSection
EndGlobal
